
Microsoft Visual Studio Solution File, Format Version 12.00
# Visual Studio Version 17
VisualStudioVersion = 17.0.31903.59
MinimumVisualStudioVersion = 10.0.40219.1
Project("{9A19103F-16F7-4668-BE54-9A1E7A4F7556}") = "Flamenco.Web", "Flamenco.Web\Flamenco.Web.csproj", "{BAB53007-8104-4D78-815C-7473BAD72CBE}"
EndProject
Project("{FAE04EC0-301F-11D3-BF4B-00C04F79EFBC}") = "Flamenco.Models", "Flamenco.Models\Flamenco.Models.csproj", "{E02E176E-7B30-4D0D-A51C-E6C754D9FCA3}"
EndProject
Global
	GlobalSection(SolutionConfigurationPlatforms) = preSolution
		Debug|Any CPU = Debug|Any CPU
		Release|Any CPU = Release|Any CPU
	EndGlobalSection
	GlobalSection(ProjectConfigurationPlatforms) = postSolution
		{BAB53007-8104-4D78-815C-7473BAD72CBE}.Debug|Any CPU.ActiveCfg = Debug|Any CPU
		{BAB53007-8104-4D78-815C-7473BAD72CBE}.Debug|Any CPU.Build.0 = Debug|Any CPU
		{BAB53007-8104-4D78-815C-7473BAD72CBE}.Release|Any CPU.ActiveCfg = Release|Any CPU
		{BAB53007-8104-4D78-815C-7473BAD72CBE}.Release|Any CPU.Build.0 = Release|Any CPU
		{E02E176E-7B30-4D0D-A51C-E6C754D9FCA3}.Debug|Any CPU.ActiveCfg = Debug|Any CPU
		{E02E176E-7B30-4D0D-A51C-E6C754D9FCA3}.Debug|Any CPU.Build.0 = Debug|Any CPU
		{E02E176E-7B30-4D0D-A51C-E6C754D9FCA3}.Release|Any CPU.ActiveCfg = Release|Any CPU
		{E02E176E-7B30-4D0D-A51C-E6C754D9FCA3}.Release|Any CPU.Build.0 = Release|Any CPU
	EndGlobalSection
	GlobalSection(SolutionProperties) = preSolution
		HideSolutionNode = FALSE
	EndGlobalSection
	GlobalSection(ExtensibilityGlobals) = postSolution
		SolutionGuid = {0F9B4703-FB19-46A0-8E2C-204F5D6B5EF2}
	EndGlobalSection
EndGlobal
